// !$*UTF8*$!
{
	archiveVersion = 1;
	classes = {
	};
	objectVersion = 46;
	objects = {

/* Begin PBXBuildFile section */
		475FCA9F1AA7D45E00C579C6 /* AppDelegate.swift in Sources */ = {isa = PBXBuildFile; fileRef = 475FCA9E1AA7D45E00C579C6 /* AppDelegate.swift */; };
		475FCAA41AA7D45E00C579C6 /* Main.storyboard in Resources */ = {isa = PBXBuildFile; fileRef = 475FCAA21AA7D45E00C579C6 /* Main.storyboard */; };
		475FCAA61AA7D45E00C579C6 /* Images.xcassets in Resources */ = {isa = PBXBuildFile; fileRef = 475FCAA51AA7D45E00C579C6 /* Images.xcassets */; };
		475FCAA91AA7D45E00C579C6 /* LaunchScreen.xib in Resources */ = {isa = PBXBuildFile; fileRef = 475FCAA71AA7D45E00C579C6 /* LaunchScreen.xib */; };
		475FCAB51AA7D45E00C579C6 /* triageTests.swift in Sources */ = {isa = PBXBuildFile; fileRef = 475FCAB41AA7D45E00C579C6 /* triageTests.swift */; };
		475FCAC51AA8076D00C579C6 /* User.swift in Sources */ = {isa = PBXBuildFile; fileRef = 475FCAC41AA8076D00C579C6 /* User.swift */; };
		9399F2C007157E8BEE8BC999 /* libPods.a in Frameworks */ = {isa = PBXBuildFile; fileRef = A0D86D4594E832EAC13C2FE1 /* libPods.a */; };
		C53A120C1AABE09A00DE1906 /* ZendeskAPI+Users.swift in Sources */ = {isa = PBXBuildFile; fileRef = C53A120B1AABE09A00DE1906 /* ZendeskAPI+Users.swift */; };
		C53A120E1AABE8C400DE1906 /* APIConstants.swift in Sources */ = {isa = PBXBuildFile; fileRef = C53A120D1AABE8C400DE1906 /* APIConstants.swift */; };
		C571CAA41AAC9D3A00BE6BCA /* Array.swift in Sources */ = {isa = PBXBuildFile; fileRef = C571CA9F1AAC9D3A00BE6BCA /* Array.swift */; };
		C571CAA51AAC9D3A00BE6BCA /* Info.plist in Resources */ = {isa = PBXBuildFile; fileRef = C571CAA01AAC9D3A00BE6BCA /* Info.plist */; };
		C571CAA61AAC9D3A00BE6BCA /* Operators.swift in Sources */ = {isa = PBXBuildFile; fileRef = C571CAA11AAC9D3A00BE6BCA /* Operators.swift */; };
		C571CAA71AAC9D3A00BE6BCA /* Optional.swift in Sources */ = {isa = PBXBuildFile; fileRef = C571CAA21AAC9D3A00BE6BCA /* Optional.swift */; };
		C571CAA91AAC9DE200BE6BCA /* ArgoOperators.swift in Sources */ = {isa = PBXBuildFile; fileRef = C571CAA81AAC9DE200BE6BCA /* ArgoOperators.swift */; };
		C571CAAD1AACA51000BE6BCA /* TicketFilter.swift in Sources */ = {isa = PBXBuildFile; fileRef = C571CAAC1AACA51000BE6BCA /* TicketFilter.swift */; };
		C571CAAF1AACA5BA00BE6BCA /* TicketFilterRow.swift in Sources */ = {isa = PBXBuildFile; fileRef = C571CAAE1AACA5BA00BE6BCA /* TicketFilterRow.swift */; };
		C583502C1AABBF9A0097FF7D /* Colors.swift in Sources */ = {isa = PBXBuildFile; fileRef = C583502B1AABBF9A0097FF7D /* Colors.swift */; };
		C583502F1AABC0CC0097FF7D /* UIColor+Triage.swift in Sources */ = {isa = PBXBuildFile; fileRef = C583502E1AABC0CC0097FF7D /* UIColor+Triage.swift */; };
		C58350331AABC8860097FF7D /* ZendeskAPI.swift in Sources */ = {isa = PBXBuildFile; fileRef = C58350321AABC8860097FF7D /* ZendeskAPI.swift */; };
		C58350351AABCCEC0097FF7D /* ZendeskAPI+Views.swift in Sources */ = {isa = PBXBuildFile; fileRef = C58350341AABCCEC0097FF7D /* ZendeskAPI+Views.swift */; };
		C58EBCB01AA8470A003F29C1 /* LoginViewController.swift in Sources */ = {isa = PBXBuildFile; fileRef = C58EBCAF1AA8470A003F29C1 /* LoginViewController.swift */; };
		C58EBCB21AA8470F003F29C1 /* TicketsViewController.swift in Sources */ = {isa = PBXBuildFile; fileRef = C58EBCB11AA8470F003F29C1 /* TicketsViewController.swift */; };
		C58EBCB51AA84757003F29C1 /* Ticket.swift in Sources */ = {isa = PBXBuildFile; fileRef = C58EBCB31AA84757003F29C1 /* Ticket.swift */; };
		C58EBCC31AA84FF9003F29C1 /* TicketTableViewCell.swift in Sources */ = {isa = PBXBuildFile; fileRef = C58EBCC21AA84FF9003F29C1 /* TicketTableViewCell.swift */; };
		C5D281871AAC98A4003ED493 /* Dictionary.swift in Sources */ = {isa = PBXBuildFile; fileRef = C5D281781AAC98A4003ED493 /* Dictionary.swift */; };
		C5D281881AAC98A4003ED493 /* curry.swift in Sources */ = {isa = PBXBuildFile; fileRef = C5D2817A1AAC98A4003ED493 /* curry.swift */; };
		C5D281891AAC98A4003ED493 /* flatReduce.swift in Sources */ = {isa = PBXBuildFile; fileRef = C5D2817B1AAC98A4003ED493 /* flatReduce.swift */; };
		C5D2818A1AAC98A4003ED493 /* JSON.swift in Sources */ = {isa = PBXBuildFile; fileRef = C5D2817C1AAC98A4003ED493 /* JSON.swift */; };
		C5D2818B1AAC98A4003ED493 /* sequence.swift in Sources */ = {isa = PBXBuildFile; fileRef = C5D2817D1AAC98A4003ED493 /* sequence.swift */; };
		C5D2818C1AAC98A4003ED493 /* StandardTypes.swift in Sources */ = {isa = PBXBuildFile; fileRef = C5D2817E1AAC98A4003ED493 /* StandardTypes.swift */; };
		C5D2818D1AAC98A4003ED493 /* JSONOperators.swift in Sources */ = {isa = PBXBuildFile; fileRef = C5D281801AAC98A4003ED493 /* JSONOperators.swift */; };
		C5D2818F1AAC98A4003ED493 /* JSONDecodable.swift in Sources */ = {isa = PBXBuildFile; fileRef = C5D281831AAC98A4003ED493 /* JSONDecodable.swift */; };
		C5D281901AAC98A4003ED493 /* Info.plist in Resources */ = {isa = PBXBuildFile; fileRef = C5D281861AAC98A4003ED493 /* Info.plist */; };
/* End PBXBuildFile section */

/* Begin PBXContainerItemProxy section */
		475FCAAF1AA7D45E00C579C6 /* PBXContainerItemProxy */ = {
			isa = PBXContainerItemProxy;
			containerPortal = 475FCA911AA7D45E00C579C6 /* Project object */;
			proxyType = 1;
			remoteGlobalIDString = 475FCA981AA7D45E00C579C6;
			remoteInfo = triage;
		};
/* End PBXContainerItemProxy section */

/* Begin PBXFileReference section */
		353525C43F7A356824135E5E /* Pods.debug.xcconfig */ = {isa = PBXFileReference; includeInIndex = 1; lastKnownFileType = text.xcconfig; name = Pods.debug.xcconfig; path = "Pods/Target Support Files/Pods/Pods.debug.xcconfig"; sourceTree = "<group>"; };
		475FCA991AA7D45E00C579C6 /* triage.app */ = {isa = PBXFileReference; explicitFileType = wrapper.application; includeInIndex = 0; path = triage.app; sourceTree = BUILT_PRODUCTS_DIR; };
		475FCA9D1AA7D45E00C579C6 /* Info.plist */ = {isa = PBXFileReference; lastKnownFileType = text.plist.xml; path = Info.plist; sourceTree = "<group>"; };
		475FCA9E1AA7D45E00C579C6 /* AppDelegate.swift */ = {isa = PBXFileReference; lastKnownFileType = sourcecode.swift; name = AppDelegate.swift; path = Classes/AppDelegate.swift; sourceTree = "<group>"; };
		475FCAA31AA7D45E00C579C6 /* Base */ = {isa = PBXFileReference; lastKnownFileType = file.storyboard; name = Base; path = Base.lproj/Main.storyboard; sourceTree = "<group>"; };
		475FCAA51AA7D45E00C579C6 /* Images.xcassets */ = {isa = PBXFileReference; lastKnownFileType = folder.assetcatalog; path = Images.xcassets; sourceTree = "<group>"; };
		475FCAA81AA7D45E00C579C6 /* Base */ = {isa = PBXFileReference; lastKnownFileType = file.xib; name = Base; path = Base.lproj/LaunchScreen.xib; sourceTree = "<group>"; };
		475FCAAE1AA7D45E00C579C6 /* triageTests.xctest */ = {isa = PBXFileReference; explicitFileType = wrapper.cfbundle; includeInIndex = 0; path = triageTests.xctest; sourceTree = BUILT_PRODUCTS_DIR; };
		475FCAB31AA7D45E00C579C6 /* Info.plist */ = {isa = PBXFileReference; lastKnownFileType = text.plist.xml; path = Info.plist; sourceTree = "<group>"; };
		475FCAB41AA7D45E00C579C6 /* triageTests.swift */ = {isa = PBXFileReference; lastKnownFileType = sourcecode.swift; path = triageTests.swift; sourceTree = "<group>"; };
		475FCABE1AA806AF00C579C6 /* triage-Bridging-Header.h */ = {isa = PBXFileReference; lastKnownFileType = sourcecode.c.h; name = "triage-Bridging-Header.h"; path = "Classes/triage-Bridging-Header.h"; sourceTree = "<group>"; };
		475FCAC41AA8076D00C579C6 /* User.swift */ = {isa = PBXFileReference; fileEncoding = 4; lastKnownFileType = sourcecode.swift; name = User.swift; path = Classes/Models/User.swift; sourceTree = "<group>"; };
		8E73AE19D0335D6C871FC9B7 /* Pods.release.xcconfig */ = {isa = PBXFileReference; includeInIndex = 1; lastKnownFileType = text.xcconfig; name = Pods.release.xcconfig; path = "Pods/Target Support Files/Pods/Pods.release.xcconfig"; sourceTree = "<group>"; };
		A0D86D4594E832EAC13C2FE1 /* libPods.a */ = {isa = PBXFileReference; explicitFileType = archive.ar; includeInIndex = 0; path = libPods.a; sourceTree = BUILT_PRODUCTS_DIR; };
		C53A120B1AABE09A00DE1906 /* ZendeskAPI+Users.swift */ = {isa = PBXFileReference; fileEncoding = 4; lastKnownFileType = sourcecode.swift; path = "ZendeskAPI+Users.swift"; sourceTree = "<group>"; };
		C53A120D1AABE8C400DE1906 /* APIConstants.swift */ = {isa = PBXFileReference; fileEncoding = 4; lastKnownFileType = sourcecode.swift; path = APIConstants.swift; sourceTree = "<group>"; };
		C571CA9F1AAC9D3A00BE6BCA /* Array.swift */ = {isa = PBXFileReference; fileEncoding = 4; lastKnownFileType = sourcecode.swift; path = Array.swift; sourceTree = "<group>"; };
		C571CAA01AAC9D3A00BE6BCA /* Info.plist */ = {isa = PBXFileReference; fileEncoding = 4; lastKnownFileType = text.plist.xml; path = Info.plist; sourceTree = "<group>"; };
		C571CAA11AAC9D3A00BE6BCA /* Operators.swift */ = {isa = PBXFileReference; fileEncoding = 4; lastKnownFileType = sourcecode.swift; path = Operators.swift; sourceTree = "<group>"; };
		C571CAA21AAC9D3A00BE6BCA /* Optional.swift */ = {isa = PBXFileReference; fileEncoding = 4; lastKnownFileType = sourcecode.swift; path = Optional.swift; sourceTree = "<group>"; };
		C571CAA31AAC9D3A00BE6BCA /* Runes.h */ = {isa = PBXFileReference; fileEncoding = 4; lastKnownFileType = sourcecode.c.h; path = Runes.h; sourceTree = "<group>"; };
		C571CAA81AAC9DE200BE6BCA /* ArgoOperators.swift */ = {isa = PBXFileReference; fileEncoding = 4; lastKnownFileType = sourcecode.swift; path = ArgoOperators.swift; sourceTree = "<group>"; };
		C571CAAC1AACA51000BE6BCA /* TicketFilter.swift */ = {isa = PBXFileReference; fileEncoding = 4; lastKnownFileType = sourcecode.swift; name = TicketFilter.swift; path = Classes/Models/TicketFilter.swift; sourceTree = "<group>"; };
		C571CAAE1AACA5BA00BE6BCA /* TicketFilterRow.swift */ = {isa = PBXFileReference; fileEncoding = 4; lastKnownFileType = sourcecode.swift; name = TicketFilterRow.swift; path = Classes/Models/TicketFilterRow.swift; sourceTree = "<group>"; };
		C583502B1AABBF9A0097FF7D /* Colors.swift */ = {isa = PBXFileReference; fileEncoding = 4; lastKnownFileType = sourcecode.swift; path = Colors.swift; sourceTree = "<group>"; };
		C583502E1AABC0CC0097FF7D /* UIColor+Triage.swift */ = {isa = PBXFileReference; fileEncoding = 4; lastKnownFileType = sourcecode.swift; path = "UIColor+Triage.swift"; sourceTree = "<group>"; };
		C58350321AABC8860097FF7D /* ZendeskAPI.swift */ = {isa = PBXFileReference; fileEncoding = 4; lastKnownFileType = sourcecode.swift; path = ZendeskAPI.swift; sourceTree = "<group>"; };
		C58350341AABCCEC0097FF7D /* ZendeskAPI+Views.swift */ = {isa = PBXFileReference; fileEncoding = 4; lastKnownFileType = sourcecode.swift; path = "ZendeskAPI+Views.swift"; sourceTree = "<group>"; };
		C58EBCAF1AA8470A003F29C1 /* LoginViewController.swift */ = {isa = PBXFileReference; fileEncoding = 4; lastKnownFileType = sourcecode.swift; name = LoginViewController.swift; path = Classes/ViewControllers/LoginViewController.swift; sourceTree = "<group>"; };
		C58EBCB11AA8470F003F29C1 /* TicketsViewController.swift */ = {isa = PBXFileReference; fileEncoding = 4; lastKnownFileType = sourcecode.swift; name = TicketsViewController.swift; path = Classes/ViewControllers/TicketsViewController.swift; sourceTree = "<group>"; };
		C58EBCB31AA84757003F29C1 /* Ticket.swift */ = {isa = PBXFileReference; fileEncoding = 4; lastKnownFileType = sourcecode.swift; name = Ticket.swift; path = Classes/Models/Ticket.swift; sourceTree = "<group>"; };
		C58EBCC21AA84FF9003F29C1 /* TicketTableViewCell.swift */ = {isa = PBXFileReference; fileEncoding = 4; lastKnownFileType = sourcecode.swift; path = TicketTableViewCell.swift; sourceTree = "<group>"; };
		C5D281781AAC98A4003ED493 /* Dictionary.swift */ = {isa = PBXFileReference; fileEncoding = 4; lastKnownFileType = sourcecode.swift; path = Dictionary.swift; sourceTree = "<group>"; };
		C5D2817A1AAC98A4003ED493 /* curry.swift */ = {isa = PBXFileReference; fileEncoding = 4; lastKnownFileType = sourcecode.swift; path = curry.swift; sourceTree = "<group>"; };
		C5D2817B1AAC98A4003ED493 /* flatReduce.swift */ = {isa = PBXFileReference; fileEncoding = 4; lastKnownFileType = sourcecode.swift; path = flatReduce.swift; sourceTree = "<group>"; };
		C5D2817C1AAC98A4003ED493 /* JSON.swift */ = {isa = PBXFileReference; fileEncoding = 4; lastKnownFileType = sourcecode.swift; path = JSON.swift; sourceTree = "<group>"; };
		C5D2817D1AAC98A4003ED493 /* sequence.swift */ = {isa = PBXFileReference; fileEncoding = 4; lastKnownFileType = sourcecode.swift; path = sequence.swift; sourceTree = "<group>"; };
		C5D2817E1AAC98A4003ED493 /* StandardTypes.swift */ = {isa = PBXFileReference; fileEncoding = 4; lastKnownFileType = sourcecode.swift; path = StandardTypes.swift; sourceTree = "<group>"; };
		C5D281801AAC98A4003ED493 /* JSONOperators.swift */ = {isa = PBXFileReference; fileEncoding = 4; lastKnownFileType = sourcecode.swift; path = JSONOperators.swift; sourceTree = "<group>"; };
		C5D281831AAC98A4003ED493 /* JSONDecodable.swift */ = {isa = PBXFileReference; fileEncoding = 4; lastKnownFileType = sourcecode.swift; path = JSONDecodable.swift; sourceTree = "<group>"; };
		C5D281851AAC98A4003ED493 /* Argo.h */ = {isa = PBXFileReference; fileEncoding = 4; lastKnownFileType = sourcecode.c.h; path = Argo.h; sourceTree = "<group>"; };
		C5D281861AAC98A4003ED493 /* Info.plist */ = {isa = PBXFileReference; fileEncoding = 4; lastKnownFileType = text.plist.xml; path = Info.plist; sourceTree = "<group>"; };
/* End PBXFileReference section */

/* Begin PBXFrameworksBuildPhase section */
		475FCA961AA7D45E00C579C6 /* Frameworks */ = {
			isa = PBXFrameworksBuildPhase;
			buildActionMask = 2147483647;
			files = (
				9399F2C007157E8BEE8BC999 /* libPods.a in Frameworks */,
			);
			runOnlyForDeploymentPostprocessing = 0;
		};
		475FCAAB1AA7D45E00C579C6 /* Frameworks */ = {
			isa = PBXFrameworksBuildPhase;
			buildActionMask = 2147483647;
			files = (
			);
			runOnlyForDeploymentPostprocessing = 0;
		};
/* End PBXFrameworksBuildPhase section */

/* Begin PBXGroup section */
		33580E69D4887CC3964B0644 /* Pods */ = {
			isa = PBXGroup;
			children = (
				353525C43F7A356824135E5E /* Pods.debug.xcconfig */,
				8E73AE19D0335D6C871FC9B7 /* Pods.release.xcconfig */,
			);
			name = Pods;
			sourceTree = "<group>";
		};
		475FCA901AA7D45E00C579C6 = {
			isa = PBXGroup;
			children = (
				475FCA9B1AA7D45E00C579C6 /* triage */,
				475FCAB11AA7D45E00C579C6 /* triageTests */,
				475FCA9A1AA7D45E00C579C6 /* Products */,
				33580E69D4887CC3964B0644 /* Pods */,
				FDA7EF44915C3052DFDABC4F /* Frameworks */,
			);
			sourceTree = "<group>";
		};
		475FCA9A1AA7D45E00C579C6 /* Products */ = {
			isa = PBXGroup;
			children = (
				475FCA991AA7D45E00C579C6 /* triage.app */,
				475FCAAE1AA7D45E00C579C6 /* triageTests.xctest */,
			);
			name = Products;
			sourceTree = "<group>";
		};
		475FCA9B1AA7D45E00C579C6 /* triage */ = {
			isa = PBXGroup;
			children = (
				C55E6F821AA8201C00B55982 /* Classes */,
				475FCAA21AA7D45E00C579C6 /* Main.storyboard */,
				475FCAA51AA7D45E00C579C6 /* Images.xcassets */,
				475FCAA71AA7D45E00C579C6 /* LaunchScreen.xib */,
				475FCA9C1AA7D45E00C579C6 /* Supporting Files */,
			);
			path = triage;
			sourceTree = "<group>";
		};
		475FCA9C1AA7D45E00C579C6 /* Supporting Files */ = {
			isa = PBXGroup;
			children = (
				475FCA9D1AA7D45E00C579C6 /* Info.plist */,
			);
			name = "Supporting Files";
			sourceTree = "<group>";
		};
		475FCAB11AA7D45E00C579C6 /* triageTests */ = {
			isa = PBXGroup;
			children = (
				475FCAB41AA7D45E00C579C6 /* triageTests.swift */,
				475FCAB21AA7D45E00C579C6 /* Supporting Files */,
			);
			path = triageTests;
			sourceTree = "<group>";
		};
		475FCAB21AA7D45E00C579C6 /* Supporting Files */ = {
			isa = PBXGroup;
			children = (
				475FCAB31AA7D45E00C579C6 /* Info.plist */,
			);
			name = "Supporting Files";
			sourceTree = "<group>";
		};
		475FCAC11AA8074800C579C6 /* Models */ = {
			isa = PBXGroup;
			children = (
				C58EBCB31AA84757003F29C1 /* Ticket.swift */,
				C571CAAC1AACA51000BE6BCA /* TicketFilter.swift */,
				C571CAAE1AACA5BA00BE6BCA /* TicketFilterRow.swift */,
				475FCAC41AA8076D00C579C6 /* User.swift */,
			);
			name = Models;
			sourceTree = "<group>";
		};
		47BC6FCE1AA82C7A00202B61 /* ViewControllers */ = {
			isa = PBXGroup;
			children = (
				C58EBCB11AA8470F003F29C1 /* TicketsViewController.swift */,
				C58EBCAF1AA8470A003F29C1 /* LoginViewController.swift */,
			);
			name = ViewControllers;
			sourceTree = "<group>";
		};
		C55E6F821AA8201C00B55982 /* Classes */ = {
			isa = PBXGroup;
			children = (
				475FCABE1AA806AF00C579C6 /* triage-Bridging-Header.h */,
				475FCA9E1AA7D45E00C579C6 /* AppDelegate.swift */,
				C583502D1AABC0CC0097FF7D /* Categories */,
				C583502A1AABBF9A0097FF7D /* Constants */,
				475FCAC11AA8074800C579C6 /* Models */,
				C58EBCBF1AA84B32003F29C1 /* Networking */,
				C58EBCB71AA847B2003F29C1 /* Vendor */,
				C58EBCC11AA84FDE003F29C1 /* Views */,
				47BC6FCE1AA82C7A00202B61 /* ViewControllers */,
			);
			name = Classes;
			sourceTree = "<group>";
		};
		C571CA9E1AAC9D3A00BE6BCA /* Runes */ = {
			isa = PBXGroup;
			children = (
				C571CA9F1AAC9D3A00BE6BCA /* Array.swift */,
				C571CAA01AAC9D3A00BE6BCA /* Info.plist */,
				C571CAA11AAC9D3A00BE6BCA /* Operators.swift */,
				C571CAA21AAC9D3A00BE6BCA /* Optional.swift */,
				C571CAA31AAC9D3A00BE6BCA /* Runes.h */,
			);
			path = Runes;
			sourceTree = "<group>";
		};
		C583502A1AABBF9A0097FF7D /* Constants */ = {
			isa = PBXGroup;
			children = (
				C53A120D1AABE8C400DE1906 /* APIConstants.swift */,
				C583502B1AABBF9A0097FF7D /* Colors.swift */,
			);
			name = Constants;
			path = Classes/Constants;
			sourceTree = "<group>";
		};
		C583502D1AABC0CC0097FF7D /* Categories */ = {
			isa = PBXGroup;
			children = (
				C583502E1AABC0CC0097FF7D /* UIColor+Triage.swift */,
			);
			name = Categories;
			path = Classes/Categories;
			sourceTree = "<group>";
		};
		C58EBCB71AA847B2003F29C1 /* Vendor */ = {
			isa = PBXGroup;
			children = (
				C5D281761AAC98A4003ED493 /* Argo */,
				C571CA9E1AAC9D3A00BE6BCA /* Runes */,
			);
			name = Vendor;
			path = Classes/Vendor;
			sourceTree = "<group>";
		};
		C58EBCBF1AA84B32003F29C1 /* Networking */ = {
			isa = PBXGroup;
			children = (
				C58350321AABC8860097FF7D /* ZendeskAPI.swift */,
				C53A120B1AABE09A00DE1906 /* ZendeskAPI+Users.swift */,
				C58350341AABCCEC0097FF7D /* ZendeskAPI+Views.swift */,
			);
			name = Networking;
			path = Classes/Networking;
			sourceTree = "<group>";
		};
		C58EBCC11AA84FDE003F29C1 /* Views */ = {
			isa = PBXGroup;
			children = (
				C58EBCC21AA84FF9003F29C1 /* TicketTableViewCell.swift */,
			);
			name = Views;
			path = Classes/Views;
			sourceTree = "<group>";
		};
		C5D281761AAC98A4003ED493 /* Argo */ = {
			isa = PBXGroup;
			children = (
				C5D281771AAC98A4003ED493 /* Extensions */,
				C5D281791AAC98A4003ED493 /* Globals */,
				C5D2817F1AAC98A4003ED493 /* Operators */,
				C5D281821AAC98A4003ED493 /* Protocols */,
				C5D281841AAC98A4003ED493 /* Resources */,
			);
			path = Argo;
			sourceTree = "<group>";
		};
		C5D281771AAC98A4003ED493 /* Extensions */ = {
			isa = PBXGroup;
			children = (
				C5D281781AAC98A4003ED493 /* Dictionary.swift */,
			);
			path = Extensions;
			sourceTree = "<group>";
		};
		C5D281791AAC98A4003ED493 /* Globals */ = {
			isa = PBXGroup;
			children = (
				C5D2817A1AAC98A4003ED493 /* curry.swift */,
				C5D2817B1AAC98A4003ED493 /* flatReduce.swift */,
				C5D2817C1AAC98A4003ED493 /* JSON.swift */,
				C5D2817D1AAC98A4003ED493 /* sequence.swift */,
				C5D2817E1AAC98A4003ED493 /* StandardTypes.swift */,
			);
			path = Globals;
			sourceTree = "<group>";
		};
		C5D2817F1AAC98A4003ED493 /* Operators */ = {
			isa = PBXGroup;
			children = (
				C571CAA81AAC9DE200BE6BCA /* ArgoOperators.swift */,
				C5D281801AAC98A4003ED493 /* JSONOperators.swift */,
			);
			path = Operators;
			sourceTree = "<group>";
		};
		C5D281821AAC98A4003ED493 /* Protocols */ = {
			isa = PBXGroup;
			children = (
				C5D281831AAC98A4003ED493 /* JSONDecodable.swift */,
			);
			path = Protocols;
			sourceTree = "<group>";
		};
		C5D281841AAC98A4003ED493 /* Resources */ = {
			isa = PBXGroup;
			children = (
				C5D281851AAC98A4003ED493 /* Argo.h */,
				C5D281861AAC98A4003ED493 /* Info.plist */,
			);
			path = Resources;
			sourceTree = "<group>";
		};
		FDA7EF44915C3052DFDABC4F /* Frameworks */ = {
			isa = PBXGroup;
			children = (
				A0D86D4594E832EAC13C2FE1 /* libPods.a */,
			);
			name = Frameworks;
			sourceTree = "<group>";
		};
/* End PBXGroup section */

/* Begin PBXNativeTarget section */
		475FCA981AA7D45E00C579C6 /* triage */ = {
			isa = PBXNativeTarget;
			buildConfigurationList = 475FCAB81AA7D45E00C579C6 /* Build configuration list for PBXNativeTarget "triage" */;
			buildPhases = (
				B93894A0AE47C73AACBC1AED /* Check Pods Manifest.lock */,
				475FCA951AA7D45E00C579C6 /* Sources */,
				475FCA961AA7D45E00C579C6 /* Frameworks */,
				475FCA971AA7D45E00C579C6 /* Resources */,
				D8CDE8856147415EDB277086 /* Copy Pods Resources */,
			);
			buildRules = (
			);
			dependencies = (
			);
			name = triage;
			productName = triage;
			productReference = 475FCA991AA7D45E00C579C6 /* triage.app */;
			productType = "com.apple.product-type.application";
		};
		475FCAAD1AA7D45E00C579C6 /* triageTests */ = {
			isa = PBXNativeTarget;
			buildConfigurationList = 475FCABB1AA7D45E00C579C6 /* Build configuration list for PBXNativeTarget "triageTests" */;
			buildPhases = (
				475FCAAA1AA7D45E00C579C6 /* Sources */,
				475FCAAB1AA7D45E00C579C6 /* Frameworks */,
				475FCAAC1AA7D45E00C579C6 /* Resources */,
			);
			buildRules = (
			);
			dependencies = (
				475FCAB01AA7D45E00C579C6 /* PBXTargetDependency */,
			);
			name = triageTests;
			productName = triageTests;
			productReference = 475FCAAE1AA7D45E00C579C6 /* triageTests.xctest */;
			productType = "com.apple.product-type.bundle.unit-test";
		};
/* End PBXNativeTarget section */

/* Begin PBXProject section */
		475FCA911AA7D45E00C579C6 /* Project object */ = {
			isa = PBXProject;
			attributes = {
				LastUpgradeCheck = 0610;
				ORGANIZATIONNAME = KSCK;
				TargetAttributes = {
					475FCA981AA7D45E00C579C6 = {
						CreatedOnToolsVersion = 6.1.1;
					};
					475FCAAD1AA7D45E00C579C6 = {
						CreatedOnToolsVersion = 6.1.1;
						TestTargetID = 475FCA981AA7D45E00C579C6;
					};
				};
			};
			buildConfigurationList = 475FCA941AA7D45E00C579C6 /* Build configuration list for PBXProject "triage" */;
			compatibilityVersion = "Xcode 3.2";
			developmentRegion = English;
			hasScannedForEncodings = 0;
			knownRegions = (
				en,
				Base,
			);
			mainGroup = 475FCA901AA7D45E00C579C6;
			productRefGroup = 475FCA9A1AA7D45E00C579C6 /* Products */;
			projectDirPath = "";
			projectRoot = "";
			targets = (
				475FCA981AA7D45E00C579C6 /* triage */,
				475FCAAD1AA7D45E00C579C6 /* triageTests */,
			);
		};
/* End PBXProject section */

/* Begin PBXResourcesBuildPhase section */
		475FCA971AA7D45E00C579C6 /* Resources */ = {
			isa = PBXResourcesBuildPhase;
			buildActionMask = 2147483647;
			files = (
				475FCAA41AA7D45E00C579C6 /* Main.storyboard in Resources */,
				475FCAA91AA7D45E00C579C6 /* LaunchScreen.xib in Resources */,
				C571CAA51AAC9D3A00BE6BCA /* Info.plist in Resources */,
				475FCAA61AA7D45E00C579C6 /* Images.xcassets in Resources */,
				C5D281901AAC98A4003ED493 /* Info.plist in Resources */,
			);
			runOnlyForDeploymentPostprocessing = 0;
		};
		475FCAAC1AA7D45E00C579C6 /* Resources */ = {
			isa = PBXResourcesBuildPhase;
			buildActionMask = 2147483647;
			files = (
			);
			runOnlyForDeploymentPostprocessing = 0;
		};
/* End PBXResourcesBuildPhase section */

/* Begin PBXShellScriptBuildPhase section */
		B93894A0AE47C73AACBC1AED /* Check Pods Manifest.lock */ = {
			isa = PBXShellScriptBuildPhase;
			buildActionMask = 2147483647;
			files = (
			);
			inputPaths = (
			);
			name = "Check Pods Manifest.lock";
			outputPaths = (
			);
			runOnlyForDeploymentPostprocessing = 0;
			shellPath = /bin/sh;
			shellScript = "diff \"${PODS_ROOT}/../Podfile.lock\" \"${PODS_ROOT}/Manifest.lock\" > /dev/null\nif [[ $? != 0 ]] ; then\n    cat << EOM\nerror: The sandbox is not in sync with the Podfile.lock. Run 'pod install' or update your CocoaPods installation.\nEOM\n    exit 1\nfi\n";
			showEnvVarsInLog = 0;
		};
		D8CDE8856147415EDB277086 /* Copy Pods Resources */ = {
			isa = PBXShellScriptBuildPhase;
			buildActionMask = 2147483647;
			files = (
			);
			inputPaths = (
			);
			name = "Copy Pods Resources";
			outputPaths = (
			);
			runOnlyForDeploymentPostprocessing = 0;
			shellPath = /bin/sh;
			shellScript = "\"${SRCROOT}/Pods/Target Support Files/Pods/Pods-resources.sh\"\n";
			showEnvVarsInLog = 0;
		};
/* End PBXShellScriptBuildPhase section */

/* Begin PBXSourcesBuildPhase section */
		475FCA951AA7D45E00C579C6 /* Sources */ = {
			isa = PBXSourcesBuildPhase;
			buildActionMask = 2147483647;
			files = (
				C58350351AABCCEC0097FF7D /* ZendeskAPI+Views.swift in Sources */,
				C58EBCB01AA8470A003F29C1 /* LoginViewController.swift in Sources */,
				C583502C1AABBF9A0097FF7D /* Colors.swift in Sources */,
				C571CAA71AAC9D3A00BE6BCA /* Optional.swift in Sources */,
				C571CAAD1AACA51000BE6BCA /* TicketFilter.swift in Sources */,
				C5D2818A1AAC98A4003ED493 /* JSON.swift in Sources */,
				C5D2818D1AAC98A4003ED493 /* JSONOperators.swift in Sources */,
				C5D2818C1AAC98A4003ED493 /* StandardTypes.swift in Sources */,
				475FCAC51AA8076D00C579C6 /* User.swift in Sources */,
				C571CAA91AAC9DE200BE6BCA /* ArgoOperators.swift in Sources */,
				C58EBCB21AA8470F003F29C1 /* TicketsViewController.swift in Sources */,
				C53A120C1AABE09A00DE1906 /* ZendeskAPI+Users.swift in Sources */,
				C58350331AABC8860097FF7D /* ZendeskAPI.swift in Sources */,
				475FCA9F1AA7D45E00C579C6 /* AppDelegate.swift in Sources */,
				C583502F1AABC0CC0097FF7D /* UIColor+Triage.swift in Sources */,
				C58EBCB51AA84757003F29C1 /* Ticket.swift in Sources */,
				C5D281891AAC98A4003ED493 /* flatReduce.swift in Sources */,
				C5D281881AAC98A4003ED493 /* curry.swift in Sources */,
				C571CAA61AAC9D3A00BE6BCA /* Operators.swift in Sources */,
				C5D2818F1AAC98A4003ED493 /* JSONDecodable.swift in Sources */,
				C571CAAF1AACA5BA00BE6BCA /* TicketFilterRow.swift in Sources */,
				C5D281871AAC98A4003ED493 /* Dictionary.swift in Sources */,
				C5D2818B1AAC98A4003ED493 /* sequence.swift in Sources */,
				C53A120E1AABE8C400DE1906 /* APIConstants.swift in Sources */,
				C571CAA41AAC9D3A00BE6BCA /* Array.swift in Sources */,
				C58EBCC31AA84FF9003F29C1 /* TicketTableViewCell.swift in Sources */,
			);
			runOnlyForDeploymentPostprocessing = 0;
		};
		475FCAAA1AA7D45E00C579C6 /* Sources */ = {
			isa = PBXSourcesBuildPhase;
			buildActionMask = 2147483647;
			files = (
				475FCAB51AA7D45E00C579C6 /* triageTests.swift in Sources */,
			);
			runOnlyForDeploymentPostprocessing = 0;
		};
/* End PBXSourcesBuildPhase section */

/* Begin PBXTargetDependency section */
		475FCAB01AA7D45E00C579C6 /* PBXTargetDependency */ = {
			isa = PBXTargetDependency;
			target = 475FCA981AA7D45E00C579C6 /* triage */;
			targetProxy = 475FCAAF1AA7D45E00C579C6 /* PBXContainerItemProxy */;
		};
/* End PBXTargetDependency section */

/* Begin PBXVariantGroup section */
		475FCAA21AA7D45E00C579C6 /* Main.storyboard */ = {
			isa = PBXVariantGroup;
			children = (
				475FCAA31AA7D45E00C579C6 /* Base */,
			);
			name = Main.storyboard;
			sourceTree = "<group>";
		};
		475FCAA71AA7D45E00C579C6 /* LaunchScreen.xib */ = {
			isa = PBXVariantGroup;
			children = (
				475FCAA81AA7D45E00C579C6 /* Base */,
			);
			name = LaunchScreen.xib;
			sourceTree = "<group>";
		};
/* End PBXVariantGroup section */

/* Begin XCBuildConfiguration section */
		475FCAB61AA7D45E00C579C6 /* Debug */ = {
			isa = XCBuildConfiguration;
			buildSettings = {
				ALWAYS_SEARCH_USER_PATHS = NO;
				CLANG_CXX_LANGUAGE_STANDARD = "gnu++0x";
				CLANG_CXX_LIBRARY = "libc++";
				CLANG_ENABLE_MODULES = YES;
				CLANG_ENABLE_OBJC_ARC = YES;
				CLANG_WARN_BOOL_CONVERSION = YES;
				CLANG_WARN_CONSTANT_CONVERSION = YES;
				CLANG_WARN_DIRECT_OBJC_ISA_USAGE = YES_ERROR;
				CLANG_WARN_EMPTY_BODY = YES;
				CLANG_WARN_ENUM_CONVERSION = YES;
				CLANG_WARN_INT_CONVERSION = YES;
				CLANG_WARN_OBJC_ROOT_CLASS = YES_ERROR;
				CLANG_WARN_UNREACHABLE_CODE = YES;
				CLANG_WARN__DUPLICATE_METHOD_MATCH = YES;
				"CODE_SIGN_IDENTITY[sdk=iphoneos*]" = "iPhone Developer";
				COPY_PHASE_STRIP = NO;
				ENABLE_STRICT_OBJC_MSGSEND = YES;
				GCC_C_LANGUAGE_STANDARD = gnu99;
				GCC_DYNAMIC_NO_PIC = NO;
				GCC_OPTIMIZATION_LEVEL = 0;
				GCC_PREPROCESSOR_DEFINITIONS = (
					"DEBUG=1",
					"$(inherited)",
				);
				GCC_SYMBOLS_PRIVATE_EXTERN = NO;
				GCC_WARN_64_TO_32_BIT_CONVERSION = YES;
				GCC_WARN_ABOUT_RETURN_TYPE = YES_ERROR;
				GCC_WARN_UNDECLARED_SELECTOR = YES;
				GCC_WARN_UNINITIALIZED_AUTOS = YES_AGGRESSIVE;
				GCC_WARN_UNUSED_FUNCTION = YES;
				GCC_WARN_UNUSED_VARIABLE = YES;
				IPHONEOS_DEPLOYMENT_TARGET = 8.1;
				MTL_ENABLE_DEBUG_INFO = YES;
				ONLY_ACTIVE_ARCH = YES;
				SDKROOT = iphoneos;
				SWIFT_OPTIMIZATION_LEVEL = "-Onone";
			};
			name = Debug;
		};
		475FCAB71AA7D45E00C579C6 /* Release */ = {
			isa = XCBuildConfiguration;
			buildSettings = {
				ALWAYS_SEARCH_USER_PATHS = NO;
				CLANG_CXX_LANGUAGE_STANDARD = "gnu++0x";
				CLANG_CXX_LIBRARY = "libc++";
				CLANG_ENABLE_MODULES = YES;
				CLANG_ENABLE_OBJC_ARC = YES;
				CLANG_WARN_BOOL_CONVERSION = YES;
				CLANG_WARN_CONSTANT_CONVERSION = YES;
				CLANG_WARN_DIRECT_OBJC_ISA_USAGE = YES_ERROR;
				CLANG_WARN_EMPTY_BODY = YES;
				CLANG_WARN_ENUM_CONVERSION = YES;
				CLANG_WARN_INT_CONVERSION = YES;
				CLANG_WARN_OBJC_ROOT_CLASS = YES_ERROR;
				CLANG_WARN_UNREACHABLE_CODE = YES;
				CLANG_WARN__DUPLICATE_METHOD_MATCH = YES;
				"CODE_SIGN_IDENTITY[sdk=iphoneos*]" = "iPhone Developer";
				COPY_PHASE_STRIP = YES;
				ENABLE_NS_ASSERTIONS = NO;
				ENABLE_STRICT_OBJC_MSGSEND = YES;
				GCC_C_LANGUAGE_STANDARD = gnu99;
				GCC_WARN_64_TO_32_BIT_CONVERSION = YES;
				GCC_WARN_ABOUT_RETURN_TYPE = YES_ERROR;
				GCC_WARN_UNDECLARED_SELECTOR = YES;
				GCC_WARN_UNINITIALIZED_AUTOS = YES_AGGRESSIVE;
				GCC_WARN_UNUSED_FUNCTION = YES;
				GCC_WARN_UNUSED_VARIABLE = YES;
				IPHONEOS_DEPLOYMENT_TARGET = 8.1;
				MTL_ENABLE_DEBUG_INFO = NO;
				SDKROOT = iphoneos;
				VALIDATE_PRODUCT = YES;
			};
			name = Release;
		};
		475FCAB91AA7D45E00C579C6 /* Debug */ = {
			isa = XCBuildConfiguration;
			baseConfigurationReference = 353525C43F7A356824135E5E /* Pods.debug.xcconfig */;
			buildSettings = {
				ASSETCATALOG_COMPILER_APPICON_NAME = AppIcon;
				CLANG_ENABLE_MODULES = YES;
				FRAMEWORK_SEARCH_PATHS = "$(inherited)";
				INFOPLIST_FILE = triage/Info.plist;
				LD_RUNPATH_SEARCH_PATHS = "$(inherited) @executable_path/Frameworks";
				PRODUCT_NAME = "$(TARGET_NAME)";
				SWIFT_OBJC_BRIDGING_HEADER = "triage/Classes/triage-Bridging-Header.h";
				SWIFT_OPTIMIZATION_LEVEL = "-Onone";
			};
			name = Debug;
		};
		475FCABA1AA7D45E00C579C6 /* Release */ = {
			isa = XCBuildConfiguration;
			baseConfigurationReference = 8E73AE19D0335D6C871FC9B7 /* Pods.release.xcconfig */;
			buildSettings = {
				ASSETCATALOG_COMPILER_APPICON_NAME = AppIcon;
				CLANG_ENABLE_MODULES = YES;
				FRAMEWORK_SEARCH_PATHS = "$(inherited)";
				INFOPLIST_FILE = triage/Info.plist;
				LD_RUNPATH_SEARCH_PATHS = "$(inherited) @executable_path/Frameworks";
				PRODUCT_NAME = "$(TARGET_NAME)";
				SWIFT_OBJC_BRIDGING_HEADER = "triage/Classes/triage-Bridging-Header.h";
			};
			name = Release;
		};
		475FCABC1AA7D45E00C579C6 /* Debug */ = {
			isa = XCBuildConfiguration;
			buildSettings = {
				BUNDLE_LOADER = "$(TEST_HOST)";
				FRAMEWORK_SEARCH_PATHS = (
					"$(SDKROOT)/Developer/Library/Frameworks",
					"$(inherited)",
				);
				GCC_PREPROCESSOR_DEFINITIONS = (
					"DEBUG=1",
					"$(inherited)",
				);
				INFOPLIST_FILE = triageTests/Info.plist;
				LD_RUNPATH_SEARCH_PATHS = "$(inherited) @executable_path/Frameworks @loader_path/Frameworks";
				PRODUCT_NAME = "$(TARGET_NAME)";
				TEST_HOST = "$(BUILT_PRODUCTS_DIR)/triage.app/triage";
			};
			name = Debug;
		};
		475FCABD1AA7D45E00C579C6 /* Release */ = {
			isa = XCBuildConfiguration;
			buildSettings = {
				BUNDLE_LOADER = "$(TEST_HOST)";
				FRAMEWORK_SEARCH_PATHS = (
					"$(SDKROOT)/Developer/Library/Frameworks",
					"$(inherited)",
				);
				INFOPLIST_FILE = triageTests/Info.plist;
				LD_RUNPATH_SEARCH_PATHS = "$(inherited) @executable_path/Frameworks @loader_path/Frameworks";
				PRODUCT_NAME = "$(TARGET_NAME)";
				TEST_HOST = "$(BUILT_PRODUCTS_DIR)/triage.app/triage";
			};
			name = Release;
		};
/* End XCBuildConfiguration section */

/* Begin XCConfigurationList section */
		475FCA941AA7D45E00C579C6 /* Build configuration list for PBXProject "triage" */ = {
			isa = XCConfigurationList;
			buildConfigurations = (
				475FCAB61AA7D45E00C579C6 /* Debug */,
				475FCAB71AA7D45E00C579C6 /* Release */,
			);
			defaultConfigurationIsVisible = 0;
			defaultConfigurationName = Release;
		};
		475FCAB81AA7D45E00C579C6 /* Build configuration list for PBXNativeTarget "triage" */ = {
			isa = XCConfigurationList;
			buildConfigurations = (
				475FCAB91AA7D45E00C579C6 /* Debug */,
				475FCABA1AA7D45E00C579C6 /* Release */,
			);
			defaultConfigurationIsVisible = 0;
			defaultConfigurationName = Release;
		};
		475FCABB1AA7D45E00C579C6 /* Build configuration list for PBXNativeTarget "triageTests" */ = {
			isa = XCConfigurationList;
			buildConfigurations = (
				475FCABC1AA7D45E00C579C6 /* Debug */,
				475FCABD1AA7D45E00C579C6 /* Release */,
			);
			defaultConfigurationIsVisible = 0;
			defaultConfigurationName = Release;
		};
/* End XCConfigurationList section */
	};
	rootObject = 475FCA911AA7D45E00C579C6 /* Project object */;
}
